
Microsoft Visual Studio Solution File, Format Version 12.00
# Visual Studio Version 17
VisualStudioVersion = 17.5.33516.290
MinimumVisualStudioVersion = 10.0.40219.1
Project("{9A19103F-16F7-4668-BE54-9A1E7A4F7556}") = "FlightPlanner", "FlightPlanner\FlightPlanner.csproj", "{52BA7A57-C42B-40D5-9109-7AECDA216CBC}"
EndProject
Project("{FAE04EC0-301F-11D3-BF4B-00C04F79EFBC}") = "FlightPlanner.Core", "FligthPlanner.Core\FlightPlanner.Core.csproj", "{82E1E92E-B8FD-410C-A7BD-D6E4E2CFE7CA}"
EndProject
Project("{FAE04EC0-301F-11D3-BF4B-00C04F79EFBC}") = "FlightPlanner.Data", "FlightPlanner.Data\FlightPlanner.Data.csproj", "{2405AD11-B688-4347-B3DB-8A06BC4FDF09}"
EndProject
Project("{FAE04EC0-301F-11D3-BF4B-00C04F79EFBC}") = "FlightPlanner.Services", "FlightPlanner.Services\FlightPlanner.Services.csproj", "{6DDD4722-9F80-4148-AEEE-60A75DAF4C32}"
EndProject
Global
	GlobalSection(SolutionConfigurationPlatforms) = preSolution
		Debug|Any CPU = Debug|Any CPU
		Release|Any CPU = Release|Any CPU
	EndGlobalSection
	GlobalSection(ProjectConfigurationPlatforms) = postSolution
		{52BA7A57-C42B-40D5-9109-7AECDA216CBC}.Debug|Any CPU.ActiveCfg = Debug|Any CPU
		{52BA7A57-C42B-40D5-9109-7AECDA216CBC}.Debug|Any CPU.Build.0 = Debug|Any CPU
		{52BA7A57-C42B-40D5-9109-7AECDA216CBC}.Release|Any CPU.ActiveCfg = Release|Any CPU
		{52BA7A57-C42B-40D5-9109-7AECDA216CBC}.Release|Any CPU.Build.0 = Release|Any CPU
		{82E1E92E-B8FD-410C-A7BD-D6E4E2CFE7CA}.Debug|Any CPU.ActiveCfg = Debug|Any CPU
		{82E1E92E-B8FD-410C-A7BD-D6E4E2CFE7CA}.Debug|Any CPU.Build.0 = Debug|Any CPU
		{82E1E92E-B8FD-410C-A7BD-D6E4E2CFE7CA}.Release|Any CPU.ActiveCfg = Release|Any CPU
		{82E1E92E-B8FD-410C-A7BD-D6E4E2CFE7CA}.Release|Any CPU.Build.0 = Release|Any CPU
		{2405AD11-B688-4347-B3DB-8A06BC4FDF09}.Debug|Any CPU.ActiveCfg = Debug|Any CPU
		{2405AD11-B688-4347-B3DB-8A06BC4FDF09}.Debug|Any CPU.Build.0 = Debug|Any CPU
		{2405AD11-B688-4347-B3DB-8A06BC4FDF09}.Release|Any CPU.ActiveCfg = Release|Any CPU
		{2405AD11-B688-4347-B3DB-8A06BC4FDF09}.Release|Any CPU.Build.0 = Release|Any CPU
		{6DDD4722-9F80-4148-AEEE-60A75DAF4C32}.Debug|Any CPU.ActiveCfg = Debug|Any CPU
		{6DDD4722-9F80-4148-AEEE-60A75DAF4C32}.Debug|Any CPU.Build.0 = Debug|Any CPU
		{6DDD4722-9F80-4148-AEEE-60A75DAF4C32}.Release|Any CPU.ActiveCfg = Release|Any CPU
		{6DDD4722-9F80-4148-AEEE-60A75DAF4C32}.Release|Any CPU.Build.0 = Release|Any CPU
	EndGlobalSection
	GlobalSection(SolutionProperties) = preSolution
		HideSolutionNode = FALSE
	EndGlobalSection
	GlobalSection(ExtensibilityGlobals) = postSolution
		SolutionGuid = {285A452F-53DB-4CB0-9ECF-FCFB45C7BC59}
	EndGlobalSection
EndGlobal
